
Microsoft Visual Studio Solution File, Format Version 12.00
Project("{FAE04EC0-301F-11D3-BF4B-00C04F79EFBC}") = "AirportDistances.HOST", "AirportDistances.HOST\AirportDistances.HOST.csproj", "{2CB46A05-DE7B-4384-9A00-DEA6060691D9}"
EndProject
Project("{FAE04EC0-301F-11D3-BF4B-00C04F79EFBC}") = "AirportDistances.Infrastructure", "AirportDistances.Infrastructure\AirportDistances.Infrastructure.csproj", "{7F330FED-0D9C-481F-9A4C-43D296E3D9BE}"
EndProject
Project("{FAE04EC0-301F-11D3-BF4B-00C04F79EFBC}") = "AirportDistances.Business", "AirportDistances.Business\AirportDistances.Business.csproj", "{A43CC983-7ECD-4786-8451-E04FD96AE74F}"
EndProject
Project("{FAE04EC0-301F-11D3-BF4B-00C04F79EFBC}") = "Business.Tests", "Business.Tests\Business.Tests.csproj", "{35A86CAE-E0B3-4AB0-BC39-C0ABE39018DB}"
EndProject
Global
	GlobalSection(SolutionConfigurationPlatforms) = preSolution
		Debug|Any CPU = Debug|Any CPU
		Release|Any CPU = Release|Any CPU
	EndGlobalSection
	GlobalSection(ProjectConfigurationPlatforms) = postSolution
		{2CB46A05-DE7B-4384-9A00-DEA6060691D9}.Debug|Any CPU.ActiveCfg = Debug|Any CPU
		{2CB46A05-DE7B-4384-9A00-DEA6060691D9}.Debug|Any CPU.Build.0 = Debug|Any CPU
		{2CB46A05-DE7B-4384-9A00-DEA6060691D9}.Release|Any CPU.ActiveCfg = Release|Any CPU
		{2CB46A05-DE7B-4384-9A00-DEA6060691D9}.Release|Any CPU.Build.0 = Release|Any CPU
		{7F330FED-0D9C-481F-9A4C-43D296E3D9BE}.Debug|Any CPU.ActiveCfg = Debug|Any CPU
		{7F330FED-0D9C-481F-9A4C-43D296E3D9BE}.Debug|Any CPU.Build.0 = Debug|Any CPU
		{7F330FED-0D9C-481F-9A4C-43D296E3D9BE}.Release|Any CPU.ActiveCfg = Release|Any CPU
		{7F330FED-0D9C-481F-9A4C-43D296E3D9BE}.Release|Any CPU.Build.0 = Release|Any CPU
		{A43CC983-7ECD-4786-8451-E04FD96AE74F}.Debug|Any CPU.ActiveCfg = Debug|Any CPU
		{A43CC983-7ECD-4786-8451-E04FD96AE74F}.Debug|Any CPU.Build.0 = Debug|Any CPU
		{A43CC983-7ECD-4786-8451-E04FD96AE74F}.Release|Any CPU.ActiveCfg = Release|Any CPU
		{A43CC983-7ECD-4786-8451-E04FD96AE74F}.Release|Any CPU.Build.0 = Release|Any CPU
		{35A86CAE-E0B3-4AB0-BC39-C0ABE39018DB}.Debug|Any CPU.ActiveCfg = Debug|Any CPU
		{35A86CAE-E0B3-4AB0-BC39-C0ABE39018DB}.Debug|Any CPU.Build.0 = Debug|Any CPU
		{35A86CAE-E0B3-4AB0-BC39-C0ABE39018DB}.Release|Any CPU.ActiveCfg = Release|Any CPU
		{35A86CAE-E0B3-4AB0-BC39-C0ABE39018DB}.Release|Any CPU.Build.0 = Release|Any CPU
	EndGlobalSection
EndGlobal
